
Microsoft Visual Studio Solution File, Format Version 12.00
# Visual Studio Version 17
VisualStudioVersion = 17.13.35818.85 d17.13
MinimumVisualStudioVersion = 10.0.40219.1
Project("{FAE04EC0-301F-11D3-BF4B-00C04F79EFBC}") = "MudBlazorDotNet8", "MudBlazorDotNet8\MudBlazorDotNet8.csproj", "{92BCCE1C-E85B-4F9D-B443-A279E51DCE5A}"
EndProject
Global
	GlobalSection(SolutionConfigurationPlatforms) = preSolution
		Debug|Any CPU = Debug|Any CPU
		Release|Any CPU = Release|Any CPU
	EndGlobalSection
	GlobalSection(ProjectConfigurationPlatforms) = postSolution
		{92BCCE1C-E85B-4F9D-B443-A279E51DCE5A}.Debug|Any CPU.ActiveCfg = Debug|Any CPU
		{92BCCE1C-E85B-4F9D-B443-A279E51DCE5A}.Debug|Any CPU.Build.0 = Debug|Any CPU
		{92BCCE1C-E85B-4F9D-B443-A279E51DCE5A}.Release|Any CPU.ActiveCfg = Release|Any CPU
		{92BCCE1C-E85B-4F9D-B443-A279E51DCE5A}.Release|Any CPU.Build.0 = Release|Any CPU
	EndGlobalSection
	GlobalSection(SolutionProperties) = preSolution
		HideSolutionNode = FALSE
	EndGlobalSection
	GlobalSection(ExtensibilityGlobals) = postSolution
		SolutionGuid = {4E505C80-E448-4ECD-B6F2-E08574094AE4}
	EndGlobalSection
EndGlobal
